
Microsoft Visual Studio Solution File, Format Version 12.00
# Visual Studio Version 17
VisualStudioVersion = 17.5.33530.505
MinimumVisualStudioVersion = 10.0.40219.1
Project("{FAE04EC0-301F-11D3-BF4B-00C04F79EFBC}") = "BriskAiHeadshot", "BriskAiHeadshot\BriskAiHeadshot.csproj", "{2C8238E1-D754-4B40-A69A-6FAC9E47273A}"
EndProject
Project("{FAE04EC0-301F-11D3-BF4B-00C04F79EFBC}") = "ClassLibrary1", "ClassLibrary1\ClassLibrary1.csproj", "{3DFA9454-1D56-4AC1-872D-01ACBA522457}"
EndProject
Global
	GlobalSection(SolutionConfigurationPlatforms) = preSolution
		Debug|Any CPU = Debug|Any CPU
		Release|Any CPU = Release|Any CPU
	EndGlobalSection
	GlobalSection(ProjectConfigurationPlatforms) = postSolution
		{2C8238E1-D754-4B40-A69A-6FAC9E47273A}.Debug|Any CPU.ActiveCfg = Debug|Any CPU
		{2C8238E1-D754-4B40-A69A-6FAC9E47273A}.Debug|Any CPU.Build.0 = Debug|Any CPU
		{2C8238E1-D754-4B40-A69A-6FAC9E47273A}.Release|Any CPU.ActiveCfg = Release|Any CPU
		{2C8238E1-D754-4B40-A69A-6FAC9E47273A}.Release|Any CPU.Build.0 = Release|Any CPU
		{3DFA9454-1D56-4AC1-872D-01ACBA522457}.Debug|Any CPU.ActiveCfg = Debug|Any CPU
		{3DFA9454-1D56-4AC1-872D-01ACBA522457}.Debug|Any CPU.Build.0 = Debug|Any CPU
		{3DFA9454-1D56-4AC1-872D-01ACBA522457}.Release|Any CPU.ActiveCfg = Release|Any CPU
		{3DFA9454-1D56-4AC1-872D-01ACBA522457}.Release|Any CPU.Build.0 = Release|Any CPU
	EndGlobalSection
	GlobalSection(SolutionProperties) = preSolution
		HideSolutionNode = FALSE
	EndGlobalSection
	GlobalSection(ExtensibilityGlobals) = postSolution
		SolutionGuid = {D5BA9822-F547-4643-8814-3F54C5F56D2D}
	EndGlobalSection
EndGlobal
